
Microsoft Visual Studio Solution File, Format Version 12.00
# Visual Studio Version 17
VisualStudioVersion = 17.7.34202.233
MinimumVisualStudioVersion = 10.0.40219.1
Project("{9A19103F-16F7-4668-BE54-9A1E7A4F7556}") = "SA3D.Rendering.WPF", "SA3D.Rendering.WPF\SA3D.Rendering.WPF.csproj", "{15100FF0-C3EB-4E0B-B4AA-A6C02E5BD4F4}"
EndProject
Project("{2150E333-8FDC-42A3-9474-1A3956D46DE8}") = ".solutionitems", ".solutionitems", "{1E18C87F-08B5-43AF-9452-5C467760A202}"
	ProjectSection(SolutionItems) = preProject
		..\LICENSE = ..\LICENSE
	EndProjectSection
EndProject
Global
	GlobalSection(SolutionConfigurationPlatforms) = preSolution
		Debug|Any CPU = Debug|Any CPU
		Release|Any CPU = Release|Any CPU
	EndGlobalSection
	GlobalSection(ProjectConfigurationPlatforms) = postSolution
		{15100FF0-C3EB-4E0B-B4AA-A6C02E5BD4F4}.Debug|Any CPU.ActiveCfg = Debug|Any CPU
		{15100FF0-C3EB-4E0B-B4AA-A6C02E5BD4F4}.Debug|Any CPU.Build.0 = Debug|Any CPU
		{15100FF0-C3EB-4E0B-B4AA-A6C02E5BD4F4}.Release|Any CPU.ActiveCfg = Release|Any CPU
		{15100FF0-C3EB-4E0B-B4AA-A6C02E5BD4F4}.Release|Any CPU.Build.0 = Release|Any CPU
	EndGlobalSection
	GlobalSection(SolutionProperties) = preSolution
		HideSolutionNode = FALSE
	EndGlobalSection
	GlobalSection(ExtensibilityGlobals) = postSolution
		SolutionGuid = {ACC169ED-CA49-4678-A168-F25010AB59BE}
	EndGlobalSection
EndGlobal
